
Microsoft Visual Studio Solution File, Format Version 12.00
# Visual Studio Version 17
VisualStudioVersion = 17.4.33205.214
MinimumVisualStudioVersion = 10.0.40219.1
Project("{FAE04EC0-301F-11D3-BF4B-00C04F79EFBC}") = "ConsoleApp6", "ConsoleApp6\ConsoleApp6.csproj", "{43D9095F-F7A6-4010-8E33-CBA244B3220D}"
EndProject
Global
	GlobalSection(SolutionConfigurationPlatforms) = preSolution
		Debug|Any CPU = Debug|Any CPU
		Release|Any CPU = Release|Any CPU
	EndGlobalSection
	GlobalSection(ProjectConfigurationPlatforms) = postSolution
		{43D9095F-F7A6-4010-8E33-CBA244B3220D}.Debug|Any CPU.ActiveCfg = Debug|Any CPU
		{43D9095F-F7A6-4010-8E33-CBA244B3220D}.Debug|Any CPU.Build.0 = Debug|Any CPU
		{43D9095F-F7A6-4010-8E33-CBA244B3220D}.Release|Any CPU.ActiveCfg = Release|Any CPU
		{43D9095F-F7A6-4010-8E33-CBA244B3220D}.Release|Any CPU.Build.0 = Release|Any CPU
	EndGlobalSection
	GlobalSection(SolutionProperties) = preSolution
		HideSolutionNode = FALSE
	EndGlobalSection
	GlobalSection(ExtensibilityGlobals) = postSolution
		SolutionGuid = {DEF78843-DEE7-41E4-8F09-BF8FABDE7FED}
	EndGlobalSection
EndGlobal
